
Microsoft Visual Studio Solution File, Format Version 12.00
# Visual Studio 15
VisualStudioVersion = 15.0.28307.271
MinimumVisualStudioVersion = 10.0.40219.1
Project("{FAE04EC0-301F-11D3-BF4B-00C04F79EFBC}") = "Ecommerce", "Ecommerce\Ecommerce.csproj", "{1B43CF41-6647-4FD2-8816-1BD4096B68E2}"
EndProject
Project("{FAE04EC0-301F-11D3-BF4B-00C04F79EFBC}") = "Model", "Model\Model.csproj", "{BF33B025-EB31-4D86-994A-1233E083A56B}"
EndProject
Global
	GlobalSection(SolutionConfigurationPlatforms) = preSolution
		Debug|Any CPU = Debug|Any CPU
		Release|Any CPU = Release|Any CPU
	EndGlobalSection
	GlobalSection(ProjectConfigurationPlatforms) = postSolution
		{1B43CF41-6647-4FD2-8816-1BD4096B68E2}.Debug|Any CPU.ActiveCfg = Debug|Any CPU
		{1B43CF41-6647-4FD2-8816-1BD4096B68E2}.Debug|Any CPU.Build.0 = Debug|Any CPU
		{1B43CF41-6647-4FD2-8816-1BD4096B68E2}.Release|Any CPU.ActiveCfg = Release|Any CPU
		{1B43CF41-6647-4FD2-8816-1BD4096B68E2}.Release|Any CPU.Build.0 = Release|Any CPU
		{BF33B025-EB31-4D86-994A-1233E083A56B}.Debug|Any CPU.ActiveCfg = Debug|Any CPU
		{BF33B025-EB31-4D86-994A-1233E083A56B}.Debug|Any CPU.Build.0 = Debug|Any CPU
		{BF33B025-EB31-4D86-994A-1233E083A56B}.Release|Any CPU.ActiveCfg = Release|Any CPU
		{BF33B025-EB31-4D86-994A-1233E083A56B}.Release|Any CPU.Build.0 = Release|Any CPU
	EndGlobalSection
	GlobalSection(SolutionProperties) = preSolution
		HideSolutionNode = FALSE
	EndGlobalSection
	GlobalSection(ExtensibilityGlobals) = postSolution
		SolutionGuid = {5914EC04-76D6-4627-96B5-FC0ADA2A8E60}
	EndGlobalSection
EndGlobal
